
Microsoft Visual Studio Solution File, Format Version 12.00
# Visual Studio Version 17
VisualStudioVersion = 17.14.36202.13 d17.14
MinimumVisualStudioVersion = 10.0.40219.1
Project("{FAE04EC0-301F-11D3-BF4B-00C04F79EFBC}") = "API", "API\API.csproj", "{BA2FD141-D053-4656-9A24-43675D6C362C}"
EndProject
Global
	GlobalSection(SolutionConfigurationPlatforms) = preSolution
		Debug|Any CPU = Debug|Any CPU
		Release|Any CPU = Release|Any CPU
	EndGlobalSection
	GlobalSection(ProjectConfigurationPlatforms) = postSolution
		{BA2FD141-D053-4656-9A24-43675D6C362C}.Debug|Any CPU.ActiveCfg = Debug|Any CPU
		{BA2FD141-D053-4656-9A24-43675D6C362C}.Debug|Any CPU.Build.0 = Debug|Any CPU
		{BA2FD141-D053-4656-9A24-43675D6C362C}.Release|Any CPU.ActiveCfg = Release|Any CPU
		{BA2FD141-D053-4656-9A24-43675D6C362C}.Release|Any CPU.Build.0 = Release|Any CPU
	EndGlobalSection
	GlobalSection(SolutionProperties) = preSolution
		HideSolutionNode = FALSE
	EndGlobalSection
	GlobalSection(ExtensibilityGlobals) = postSolution
		SolutionGuid = {5DDE713D-60F4-4D7A-8833-656CF5D41473}
	EndGlobalSection
EndGlobal
